// !$*UTF8*$!
{
	archiveVersion = 1;
	classes = {
	};
	objectVersion = 46;
	objects = {

/* Begin PBXBuildFile section */
		105D1DA51EE7AF8E00CD1E1D /* AppDelegate.swift in Sources */ = {isa = PBXBuildFile; fileRef = 105D1DA41EE7AF8E00CD1E1D /* AppDelegate.swift */; };
		105D1DA71EE7AF8E00CD1E1D /* ViewController.swift in Sources */ = {isa = PBXBuildFile; fileRef = 105D1DA61EE7AF8E00CD1E1D /* ViewController.swift */; };
		105D1DAA1EE7AF8E00CD1E1D /* Main.storyboard in Resources */ = {isa = PBXBuildFile; fileRef = 105D1DA81EE7AF8E00CD1E1D /* Main.storyboard */; };
		105D1DAC1EE7AF8E00CD1E1D /* Assets.xcassets in Resources */ = {isa = PBXBuildFile; fileRef = 105D1DAB1EE7AF8E00CD1E1D /* Assets.xcassets */; };
		105D1DAF1EE7AF8E00CD1E1D /* LaunchScreen.storyboard in Resources */ = {isa = PBXBuildFile; fileRef = 105D1DAD1EE7AF8E00CD1E1D /* LaunchScreen.storyboard */; };
		105D1DBA1EE7AF8E00CD1E1D /* AquillosTests.swift in Sources */ = {isa = PBXBuildFile; fileRef = 105D1DB91EE7AF8E00CD1E1D /* AquillosTests.swift */; };
		105D1DC51EE7AF8E00CD1E1D /* AquillosUITests.swift in Sources */ = {isa = PBXBuildFile; fileRef = 105D1DC41EE7AF8E00CD1E1D /* AquillosUITests.swift */; };
/* End PBXBuildFile section */

/* Begin PBXContainerItemProxy section */
		105D1DB61EE7AF8E00CD1E1D /* PBXContainerItemProxy */ = {
			isa = PBXContainerItemProxy;
			containerPortal = 105D1D991EE7AF8E00CD1E1D /* Project object */;
			proxyType = 1;
			remoteGlobalIDString = 105D1DA01EE7AF8E00CD1E1D;
			remoteInfo = Aquillos;
		};
		105D1DC11EE7AF8E00CD1E1D /* PBXContainerItemProxy */ = {
			isa = PBXContainerItemProxy;
			containerPortal = 105D1D991EE7AF8E00CD1E1D /* Project object */;
			proxyType = 1;
			remoteGlobalIDString = 105D1DA01EE7AF8E00CD1E1D;
			remoteInfo = Aquillos;
		};
/* End PBXContainerItemProxy section */

/* Begin PBXFileReference section */
		105D1DA11EE7AF8E00CD1E1D /* Aquillos.app */ = {isa = PBXFileReference; explicitFileType = wrapper.application; includeInIndex = 0; path = Aquillos.app; sourceTree = BUILT_PRODUCTS_DIR; };
		105D1DA41EE7AF8E00CD1E1D /* AppDelegate.swift */ = {isa = PBXFileReference; lastKnownFileType = sourcecode.swift; path = AppDelegate.swift; sourceTree = "<group>"; };
		105D1DA61EE7AF8E00CD1E1D /* ViewController.swift */ = {isa = PBXFileReference; lastKnownFileType = sourcecode.swift; path = ViewController.swift; sourceTree = "<group>"; };
		105D1DA91EE7AF8E00CD1E1D /* Base */ = {isa = PBXFileReference; lastKnownFileType = file.storyboard; name = Base; path = Base.lproj/Main.storyboard; sourceTree = "<group>"; };
		105D1DAB1EE7AF8E00CD1E1D /* Assets.xcassets */ = {isa = PBXFileReference; lastKnownFileType = folder.assetcatalog; path = Assets.xcassets; sourceTree = "<group>"; };
		105D1DAE1EE7AF8E00CD1E1D /* Base */ = {isa = PBXFileReference; lastKnownFileType = file.storyboard; name = Base; path = Base.lproj/LaunchScreen.storyboard; sourceTree = "<group>"; };
		105D1DB01EE7AF8E00CD1E1D /* Info.plist */ = {isa = PBXFileReference; lastKnownFileType = text.plist.xml; path = Info.plist; sourceTree = "<group>"; };
		105D1DB51EE7AF8E00CD1E1D /* AquillosTests.xctest */ = {isa = PBXFileReference; explicitFileType = wrapper.cfbundle; includeInIndex = 0; path = AquillosTests.xctest; sourceTree = BUILT_PRODUCTS_DIR; };
		105D1DB91EE7AF8E00CD1E1D /* AquillosTests.swift */ = {isa = PBXFileReference; lastKnownFileType = sourcecode.swift; path = AquillosTests.swift; sourceTree = "<group>"; };
		105D1DBB1EE7AF8E00CD1E1D /* Info.plist */ = {isa = PBXFileReference; lastKnownFileType = text.plist.xml; path = Info.plist; sourceTree = "<group>"; };
		105D1DC01EE7AF8E00CD1E1D /* AquillosUITests.xctest */ = {isa = PBXFileReference; explicitFileType = wrapper.cfbundle; includeInIndex = 0; path = AquillosUITests.xctest; sourceTree = BUILT_PRODUCTS_DIR; };
		105D1DC41EE7AF8E00CD1E1D /* AquillosUITests.swift */ = {isa = PBXFileReference; lastKnownFileType = sourcecode.swift; path = AquillosUITests.swift; sourceTree = "<group>"; };
		105D1DC61EE7AF8E00CD1E1D /* Info.plist */ = {isa = PBXFileReference; lastKnownFileType = text.plist.xml; path = Info.plist; sourceTree = "<group>"; };
/* End PBXFileReference section */

/* Begin PBXFrameworksBuildPhase section */
		105D1D9E1EE7AF8E00CD1E1D /* Frameworks */ = {
			isa = PBXFrameworksBuildPhase;
			buildActionMask = 2147483647;
			files = (
			);
			runOnlyForDeploymentPostprocessing = 0;
		};
		105D1DB21EE7AF8E00CD1E1D /* Frameworks */ = {
			isa = PBXFrameworksBuildPhase;
			buildActionMask = 2147483647;
			files = (
			);
			runOnlyForDeploymentPostprocessing = 0;
		};
		105D1DBD1EE7AF8E00CD1E1D /* Frameworks */ = {
			isa = PBXFrameworksBuildPhase;
			buildActionMask = 2147483647;
			files = (
			);
			runOnlyForDeploymentPostprocessing = 0;
		};
/* End PBXFrameworksBuildPhase section */

/* Begin PBXGroup section */
		105D1D981EE7AF8D00CD1E1D = {
			isa = PBXGroup;
			children = (
				105D1DA31EE7AF8E00CD1E1D /* Aquillos */,
				105D1DB81EE7AF8E00CD1E1D /* AquillosTests */,
				105D1DC31EE7AF8E00CD1E1D /* AquillosUITests */,
				105D1DA21EE7AF8E00CD1E1D /* Products */,
			);
			sourceTree = "<group>";
		};
		105D1DA21EE7AF8E00CD1E1D /* Products */ = {
			isa = PBXGroup;
			children = (
				105D1DA11EE7AF8E00CD1E1D /* Aquillos.app */,
				105D1DB51EE7AF8E00CD1E1D /* AquillosTests.xctest */,
				105D1DC01EE7AF8E00CD1E1D /* AquillosUITests.xctest */,
			);
			name = Products;
			sourceTree = "<group>";
		};
		105D1DA31EE7AF8E00CD1E1D /* Aquillos */ = {
			isa = PBXGroup;
			children = (
				105D1DA41EE7AF8E00CD1E1D /* AppDelegate.swift */,
				105D1DA61EE7AF8E00CD1E1D /* ViewController.swift */,
				105D1DA81EE7AF8E00CD1E1D /* Main.storyboard */,
				105D1DAB1EE7AF8E00CD1E1D /* Assets.xcassets */,
				105D1DAD1EE7AF8E00CD1E1D /* LaunchScreen.storyboard */,
				105D1DB01EE7AF8E00CD1E1D /* Info.plist */,
			);
			path = Aquillos;
			sourceTree = "<group>";
		};
		105D1DB81EE7AF8E00CD1E1D /* AquillosTests */ = {
			isa = PBXGroup;
			children = (
				105D1DB91EE7AF8E00CD1E1D /* AquillosTests.swift */,
				105D1DBB1EE7AF8E00CD1E1D /* Info.plist */,
			);
			path = AquillosTests;
			sourceTree = "<group>";
		};
		105D1DC31EE7AF8E00CD1E1D /* AquillosUITests */ = {
			isa = PBXGroup;
			children = (
				105D1DC41EE7AF8E00CD1E1D /* AquillosUITests.swift */,
				105D1DC61EE7AF8E00CD1E1D /* Info.plist */,
			);
			path = AquillosUITests;
			sourceTree = "<group>";
		};
/* End PBXGroup section */

/* Begin PBXNativeTarget section */
		105D1DA01EE7AF8E00CD1E1D /* Aquillos */ = {
			isa = PBXNativeTarget;
			buildConfigurationList = 105D1DC91EE7AF8E00CD1E1D /* Build configuration list for PBXNativeTarget "Aquillos" */;
			buildPhases = (
				105D1D9D1EE7AF8E00CD1E1D /* Sources */,
				105D1D9E1EE7AF8E00CD1E1D /* Frameworks */,
				105D1D9F1EE7AF8E00CD1E1D /* Resources */,
			);
			buildRules = (
			);
			dependencies = (
			);
			name = Aquillos;
			productName = Aquillos;
			productReference = 105D1DA11EE7AF8E00CD1E1D /* Aquillos.app */;
			productType = "com.apple.product-type.application";
		};
		105D1DB41EE7AF8E00CD1E1D /* AquillosTests */ = {
			isa = PBXNativeTarget;
			buildConfigurationList = 105D1DCC1EE7AF8E00CD1E1D /* Build configuration list for PBXNativeTarget "AquillosTests" */;
			buildPhases = (
				105D1DB11EE7AF8E00CD1E1D /* Sources */,
				105D1DB21EE7AF8E00CD1E1D /* Frameworks */,
				105D1DB31EE7AF8E00CD1E1D /* Resources */,
			);
			buildRules = (
			);
			dependencies = (
				105D1DB71EE7AF8E00CD1E1D /* PBXTargetDependency */,
			);
			name = AquillosTests;
			productName = AquillosTests;
			productReference = 105D1DB51EE7AF8E00CD1E1D /* AquillosTests.xctest */;
			productType = "com.apple.product-type.bundle.unit-test";
		};
		105D1DBF1EE7AF8E00CD1E1D /* AquillosUITests */ = {
			isa = PBXNativeTarget;
			buildConfigurationList = 105D1DCF1EE7AF8E00CD1E1D /* Build configuration list for PBXNativeTarget "AquillosUITests" */;
			buildPhases = (
				105D1DBC1EE7AF8E00CD1E1D /* Sources */,
				105D1DBD1EE7AF8E00CD1E1D /* Frameworks */,
				105D1DBE1EE7AF8E00CD1E1D /* Resources */,
			);
			buildRules = (
			);
			dependencies = (
				105D1DC21EE7AF8E00CD1E1D /* PBXTargetDependency */,
			);
			name = AquillosUITests;
			productName = AquillosUITests;
			productReference = 105D1DC01EE7AF8E00CD1E1D /* AquillosUITests.xctest */;
			productType = "com.apple.product-type.bundle.ui-testing";
		};
/* End PBXNativeTarget section */

/* Begin PBXProject section */
		105D1D991EE7AF8E00CD1E1D /* Project object */ = {
			isa = PBXProject;
			attributes = {
				LastSwiftUpdateCheck = 0830;
				LastUpgradeCheck = 0830;
				ORGANIZATIONNAME = Nexusbond;
				TargetAttributes = {
					105D1DA01EE7AF8E00CD1E1D = {
						CreatedOnToolsVersion = 8.3.2;
						ProvisioningStyle = Automatic;
					};
					105D1DB41EE7AF8E00CD1E1D = {
						CreatedOnToolsVersion = 8.3.2;
						ProvisioningStyle = Automatic;
						TestTargetID = 105D1DA01EE7AF8E00CD1E1D;
					};
					105D1DBF1EE7AF8E00CD1E1D = {
						CreatedOnToolsVersion = 8.3.2;
						ProvisioningStyle = Automatic;
						TestTargetID = 105D1DA01EE7AF8E00CD1E1D;
					};
				};
			};
			buildConfigurationList = 105D1D9C1EE7AF8E00CD1E1D /* Build configuration list for PBXProject "Aquillos" */;
			compatibilityVersion = "Xcode 3.2";
			developmentRegion = English;
			hasScannedForEncodings = 0;
			knownRegions = (
				en,
				Base,
			);
			mainGroup = 105D1D981EE7AF8D00CD1E1D;
			productRefGroup = 105D1DA21EE7AF8E00CD1E1D /* Products */;
			projectDirPath = "";
			projectRoot = "";
			targets = (
				105D1DA01EE7AF8E00CD1E1D /* Aquillos */,
				105D1DB41EE7AF8E00CD1E1D /* AquillosTests */,
				105D1DBF1EE7AF8E00CD1E1D /* AquillosUITests */,
			);
		};
/* End PBXProject section */

/* Begin PBXResourcesBuildPhase section */
		105D1D9F1EE7AF8E00CD1E1D /* Resources */ = {
			isa = PBXResourcesBuildPhase;
			buildActionMask = 2147483647;
			files = (
				105D1DAF1EE7AF8E00CD1E1D /* LaunchScreen.storyboard in Resources */,
				105D1DAC1EE7AF8E00CD1E1D /* Assets.xcassets in Resources */,
				105D1DAA1EE7AF8E00CD1E1D /* Main.storyboard in Resources */,
			);
			runOnlyForDeploymentPostprocessing = 0;
		};
		105D1DB31EE7AF8E00CD1E1D /* Resources */ = {
			isa = PBXResourcesBuildPhase;
			buildActionMask = 2147483647;
			files = (
			);
			runOnlyForDeploymentPostprocessing = 0;
		};
		105D1DBE1EE7AF8E00CD1E1D /* Resources */ = {
			isa = PBXResourcesBuildPhase;
			buildActionMask = 2147483647;
			files = (
			);
			runOnlyForDeploymentPostprocessing = 0;
		};
/* End PBXResourcesBuildPhase section */

/* Begin PBXSourcesBuildPhase section */
		105D1D9D1EE7AF8E00CD1E1D /* Sources */ = {
			isa = PBXSourcesBuildPhase;
			buildActionMask = 2147483647;
			files = (
				105D1DA71EE7AF8E00CD1E1D /* ViewController.swift in Sources */,
				105D1DA51EE7AF8E00CD1E1D /* AppDelegate.swift in Sources */,
			);
			runOnlyForDeploymentPostprocessing = 0;
		};
		105D1DB11EE7AF8E00CD1E1D /* Sources */ = {
			isa = PBXSourcesBuildPhase;
			buildActionMask = 2147483647;
			files = (
				105D1DBA1EE7AF8E00CD1E1D /* AquillosTests.swift in Sources */,
			);
			runOnlyForDeploymentPostprocessing = 0;
		};
		105D1DBC1EE7AF8E00CD1E1D /* Sources */ = {
			isa = PBXSourcesBuildPhase;
			buildActionMask = 2147483647;
			files = (
				105D1DC51EE7AF8E00CD1E1D /* AquillosUITests.swift in Sources */,
			);
			runOnlyForDeploymentPostprocessing = 0;
		};
/* End PBXSourcesBuildPhase section */

/* Begin PBXTargetDependency section */
		105D1DB71EE7AF8E00CD1E1D /* PBXTargetDependency */ = {
			isa = PBXTargetDependency;
			target = 105D1DA01EE7AF8E00CD1E1D /* Aquillos */;
			targetProxy = 105D1DB61EE7AF8E00CD1E1D /* PBXContainerItemProxy */;
		};
		105D1DC21EE7AF8E00CD1E1D /* PBXTargetDependency */ = {
			isa = PBXTargetDependency;
			target = 105D1DA01EE7AF8E00CD1E1D /* Aquillos */;
			targetProxy = 105D1DC11EE7AF8E00CD1E1D /* PBXContainerItemProxy */;
		};
/* End PBXTargetDependency section */

/* Begin PBXVariantGroup section */
		105D1DA81EE7AF8E00CD1E1D /* Main.storyboard */ = {
			isa = PBXVariantGroup;
			children = (
				105D1DA91EE7AF8E00CD1E1D /* Base */,
			);
			name = Main.storyboard;
			sourceTree = "<group>";
		};
		105D1DAD1EE7AF8E00CD1E1D /* LaunchScreen.storyboard */ = {
			isa = PBXVariantGroup;
			children = (
				105D1DAE1EE7AF8E00CD1E1D /* Base */,
			);
			name = LaunchScreen.storyboard;
			sourceTree = "<group>";
		};
/* End PBXVariantGroup section */

/* Begin XCBuildConfiguration section */
		105D1DC71EE7AF8E00CD1E1D /* Debug */ = {
			isa = XCBuildConfiguration;
			buildSettings = {
				ALWAYS_SEARCH_USER_PATHS = NO;
				CLANG_ANALYZER_NONNULL = YES;
				CLANG_ANALYZER_NUMBER_OBJECT_CONVERSION = YES_AGGRESSIVE;
				CLANG_CXX_LANGUAGE_STANDARD = "gnu++0x";
				CLANG_CXX_LIBRARY = "libc++";
				CLANG_ENABLE_MODULES = YES;
				CLANG_ENABLE_OBJC_ARC = YES;
				CLANG_WARN_BOOL_CONVERSION = YES;
				CLANG_WARN_CONSTANT_CONVERSION = YES;
				CLANG_WARN_DIRECT_OBJC_ISA_USAGE = YES_ERROR;
				CLANG_WARN_DOCUMENTATION_COMMENTS = YES;
				CLANG_WARN_EMPTY_BODY = YES;
				CLANG_WARN_ENUM_CONVERSION = YES;
				CLANG_WARN_INFINITE_RECURSION = YES;
				CLANG_WARN_INT_CONVERSION = YES;
				CLANG_WARN_OBJC_ROOT_CLASS = YES_ERROR;
				CLANG_WARN_SUSPICIOUS_MOVE = YES;
				CLANG_WARN_UNREACHABLE_CODE = YES;
				CLANG_WARN__DUPLICATE_METHOD_MATCH = YES;
				"CODE_SIGN_IDENTITY[sdk=iphoneos*]" = "iPhone Developer";
				COPY_PHASE_STRIP = NO;
				DEBUG_INFORMATION_FORMAT = dwarf;
				ENABLE_STRICT_OBJC_MSGSEND = YES;
				ENABLE_TESTABILITY = YES;
				GCC_C_LANGUAGE_STANDARD = gnu99;
				GCC_DYNAMIC_NO_PIC = NO;
				GCC_NO_COMMON_BLOCKS = YES;
				GCC_OPTIMIZATION_LEVEL = 0;
				GCC_PREPROCESSOR_DEFINITIONS = (
					"DEBUG=1",
					"$(inherited)",
				);
				GCC_WARN_64_TO_32_BIT_CONVERSION = YES;
				GCC_WARN_ABOUT_RETURN_TYPE = YES_ERROR;
				GCC_WARN_UNDECLARED_SELECTOR = YES;
				GCC_WARN_UNINITIALIZED_AUTOS = YES_AGGRESSIVE;
				GCC_WARN_UNUSED_FUNCTION = YES;
				GCC_WARN_UNUSED_VARIABLE = YES;
				IPHONEOS_DEPLOYMENT_TARGET = 10.3;
				MTL_ENABLE_DEBUG_INFO = YES;
				ONLY_ACTIVE_ARCH = YES;
				SDKROOT = iphoneos;
				SWIFT_ACTIVE_COMPILATION_CONDITIONS = DEBUG;
				SWIFT_OPTIMIZATION_LEVEL = "-Onone";
				TARGETED_DEVICE_FAMILY = "1,2";
			};
			name = Debug;
		};
		105D1DC81EE7AF8E00CD1E1D /* Release */ = {
			isa = XCBuildConfiguration;
			buildSettings = {
				ALWAYS_SEARCH_USER_PATHS = NO;
				CLANG_ANALYZER_NONNULL = YES;
				CLANG_ANALYZER_NUMBER_OBJECT_CONVERSION = YES_AGGRESSIVE;
				CLANG_CXX_LANGUAGE_STANDARD = "gnu++0x";
				CLANG_CXX_LIBRARY = "libc++";
				CLANG_ENABLE_MODULES = YES;
				CLANG_ENABLE_OBJC_ARC = YES;
				CLANG_WARN_BOOL_CONVERSION = YES;
				CLANG_WARN_CONSTANT_CONVERSION = YES;
				CLANG_WARN_DIRECT_OBJC_ISA_USAGE = YES_ERROR;
				CLANG_WARN_DOCUMENTATION_COMMENTS = YES;
				CLANG_WARN_EMPTY_BODY = YES;
				CLANG_WARN_ENUM_CONVERSION = YES;
				CLANG_WARN_INFINITE_RECURSION = YES;
				CLANG_WARN_INT_CONVERSION = YES;
				CLANG_WARN_OBJC_ROOT_CLASS = YES_ERROR;
				CLANG_WARN_SUSPICIOUS_MOVE = YES;
				CLANG_WARN_UNREACHABLE_CODE = YES;
				CLANG_WARN__DUPLICATE_METHOD_MATCH = YES;
				"CODE_SIGN_IDENTITY[sdk=iphoneos*]" = "iPhone Developer";
				COPY_PHASE_STRIP = NO;
				DEBUG_INFORMATION_FORMAT = "dwarf-with-dsym";
				ENABLE_NS_ASSERTIONS = NO;
				ENABLE_STRICT_OBJC_MSGSEND = YES;
				GCC_C_LANGUAGE_STANDARD = gnu99;
				GCC_NO_COMMON_BLOCKS = YES;
				GCC_WARN_64_TO_32_BIT_CONVERSION = YES;
				GCC_WARN_ABOUT_RETURN_TYPE = YES_ERROR;
				GCC_WARN_UNDECLARED_SELECTOR = YES;
				GCC_WARN_UNINITIALIZED_AUTOS = YES_AGGRESSIVE;
				GCC_WARN_UNUSED_FUNCTION = YES;
				GCC_WARN_UNUSED_VARIABLE = YES;
				IPHONEOS_DEPLOYMENT_TARGET = 10.3;
				MTL_ENABLE_DEBUG_INFO = NO;
				SDKROOT = iphoneos;
				SWIFT_OPTIMIZATION_LEVEL = "-Owholemodule";
				TARGETED_DEVICE_FAMILY = "1,2";
				VALIDATE_PRODUCT = YES;
			};
			name = Release;
		};
		105D1DCA1EE7AF8E00CD1E1D /* Debug */ = {
			isa = XCBuildConfiguration;
			buildSettings = {
				ASSETCATALOG_COMPILER_APPICON_NAME = AppIcon;
				INFOPLIST_FILE = Aquillos/Info.plist;
				LD_RUNPATH_SEARCH_PATHS = "$(inherited) @executable_path/Frameworks";
				PRODUCT_BUNDLE_IDENTIFIER = travel.Aquillos;
				PRODUCT_NAME = "$(TARGET_NAME)";
				SWIFT_VERSION = 3.0;
			};
			name = Debug;
		};
		105D1DCB1EE7AF8E00CD1E1D /* Release */ = {
			isa = XCBuildConfiguration;
			buildSettings = {
				ASSETCATALOG_COMPILER_APPICON_NAME = AppIcon;
				INFOPLIST_FILE = Aquillos/Info.plist;
				LD_RUNPATH_SEARCH_PATHS = "$(inherited) @executable_path/Frameworks";
				PRODUCT_BUNDLE_IDENTIFIER = travel.Aquillos;
				PRODUCT_NAME = "$(TARGET_NAME)";
				SWIFT_VERSION = 3.0;
			};
			name = Release;
		};
		105D1DCD1EE7AF8E00CD1E1D /* Debug */ = {
			isa = XCBuildConfiguration;
			buildSettings = {
				ALWAYS_EMBED_SWIFT_STANDARD_LIBRARIES = YES;
				BUNDLE_LOADER = "$(TEST_HOST)";
				INFOPLIST_FILE = AquillosTests/Info.plist;
				LD_RUNPATH_SEARCH_PATHS = "$(inherited) @executable_path/Frameworks @loader_path/Frameworks";
				PRODUCT_BUNDLE_IDENTIFIER = travel.AquillosTests;
				PRODUCT_NAME = "$(TARGET_NAME)";
				SWIFT_VERSION = 3.0;
				TEST_HOST = "$(BUILT_PRODUCTS_DIR)/Aquillos.app/Aquillos";
			};
			name = Debug;
		};
		105D1DCE1EE7AF8E00CD1E1D /* Release */ = {
			isa = XCBuildConfiguration;
			buildSettings = {
				ALWAYS_EMBED_SWIFT_STANDARD_LIBRARIES = YES;
				BUNDLE_LOADER = "$(TEST_HOST)";
				INFOPLIST_FILE = AquillosTests/Info.plist;
				LD_RUNPATH_SEARCH_PATHS = "$(inherited) @executable_path/Frameworks @loader_path/Frameworks";
				PRODUCT_BUNDLE_IDENTIFIER = travel.AquillosTests;
				PRODUCT_NAME = "$(TARGET_NAME)";
				SWIFT_VERSION = 3.0;
				TEST_HOST = "$(BUILT_PRODUCTS_DIR)/Aquillos.app/Aquillos";
			};
			name = Release;
		};
		105D1DD01EE7AF8E00CD1E1D /* Debug */ = {
			isa = XCBuildConfiguration;
			buildSettings = {
				ALWAYS_EMBED_SWIFT_STANDARD_LIBRARIES = YES;
				INFOPLIST_FILE = AquillosUITests/Info.plist;
				LD_RUNPATH_SEARCH_PATHS = "$(inherited) @executable_path/Frameworks @loader_path/Frameworks";
				PRODUCT_BUNDLE_IDENTIFIER = travel.AquillosUITests;
				PRODUCT_NAME = "$(TARGET_NAME)";
				SWIFT_VERSION = 3.0;
				TEST_TARGET_NAME = Aquillos;
			};
			name = Debug;
		};
		105D1DD11EE7AF8E00CD1E1D /* Release */ = {
			isa = XCBuildConfiguration;
			buildSettings = {
				ALWAYS_EMBED_SWIFT_STANDARD_LIBRARIES = YES;
				INFOPLIST_FILE = AquillosUITests/Info.plist;
				LD_RUNPATH_SEARCH_PATHS = "$(inherited) @executable_path/Frameworks @loader_path/Frameworks";
				PRODUCT_BUNDLE_IDENTIFIER = travel.AquillosUITests;
				PRODUCT_NAME = "$(TARGET_NAME)";
				SWIFT_VERSION = 3.0;
				TEST_TARGET_NAME = Aquillos;
			};
			name = Release;
		};
/* End XCBuildConfiguration section */

/* Begin XCConfigurationList section */
		105D1D9C1EE7AF8E00CD1E1D /* Build configuration list for PBXProject "Aquillos" */ = {
			isa = XCConfigurationList;
			buildConfigurations = (
				105D1DC71EE7AF8E00CD1E1D /* Debug */,
				105D1DC81EE7AF8E00CD1E1D /* Release */,
			);
			defaultConfigurationIsVisible = 0;
			defaultConfigurationName = Release;
		};
		105D1DC91EE7AF8E00CD1E1D /* Build configuration list for PBXNativeTarget "Aquillos" */ = {
			isa = XCConfigurationList;
			buildConfigurations = (
				105D1DCA1EE7AF8E00CD1E1D /* Debug */,
				105D1DCB1EE7AF8E00CD1E1D /* Release */,
			);
			defaultConfigurationIsVisible = 0;
		};
		105D1DCC1EE7AF8E00CD1E1D /* Build configuration list for PBXNativeTarget "AquillosTests" */ = {
			isa = XCConfigurationList;
			buildConfigurations = (
				105D1DCD1EE7AF8E00CD1E1D /* Debug */,
				105D1DCE1EE7AF8E00CD1E1D /* Release */,
			);
			defaultConfigurationIsVisible = 0;
		};
		105D1DCF1EE7AF8E00CD1E1D /* Build configuration list for PBXNativeTarget "AquillosUITests" */ = {
			isa = XCConfigurationList;
			buildConfigurations = (
				105D1DD01EE7AF8E00CD1E1D /* Debug */,
				105D1DD11EE7AF8E00CD1E1D /* Release */,
			);
			defaultConfigurationIsVisible = 0;
		};
/* End XCConfigurationList section */
	};
	rootObject = 105D1D991EE7AF8E00CD1E1D /* Project object */;
}
